
Microsoft Visual Studio Solution File, Format Version 12.00
# Visual Studio 15
Project("{FAE04EC0-301F-11D3-BF4B-00C04F79EFBC}") = "Assembly-CSharp", "Assembly-CSharp.csproj", "{8469B62B-65D0-EA8C-FFC6-B5EFEB3B9CAA}"
EndProject
Global
	GlobalSection(SolutionConfigurationPlatforms) = preSolution
		Debug|Any CPU = Debug|Any CPU
		Release|Any CPU = Release|Any CPU
	EndGlobalSection
	GlobalSection(ProjectConfigurationPlatforms) = postSolution
		{8469B62B-65D0-EA8C-FFC6-B5EFEB3B9CAA}.Debug|Any CPU.ActiveCfg = Debug|Any CPU
		{8469B62B-65D0-EA8C-FFC6-B5EFEB3B9CAA}.Debug|Any CPU.Build.0 = Debug|Any CPU
		{8469B62B-65D0-EA8C-FFC6-B5EFEB3B9CAA}.Release|Any CPU.ActiveCfg = Release|Any CPU
		{8469B62B-65D0-EA8C-FFC6-B5EFEB3B9CAA}.Release|Any CPU.Build.0 = Release|Any CPU
	EndGlobalSection
	GlobalSection(SolutionProperties) = preSolution
		HideSolutionNode = FALSE
	EndGlobalSection
EndGlobal
